{
  "name": "notablog-starter",
  "version": "0.0.0",
  "lockfileVersion": 1,
  "requires": true,
  "dependencies": {
    "@dnpr/fsutil": {
      "version": "0.1.3",
      "resolved": "https://registry.npmjs.org/@dnpr/fsutil/-/fsutil-0.1.3.tgz",
      "integrity": "sha512-xIK5oi4nyprpPDbHKFpc87hsFiuAqFEvFI6NwkNjxoCiDDVfWUEPYhVlmNnWmtS39vMhfVkC1RaHetK3pNOq8Q=="
    },
    "@dnpr/logger": {
      "version": "0.2.0",
      "resolved": "https://registry.npmjs.org/@dnpr/logger/-/logger-0.2.0.tgz",
      "integrity": "sha512-U384i5/SzH9qhgW0Ev95YGkQAww0pZT/IqtJIi5jB9lpGoPGPvXlwr9RMUtlz0T/pGulEmLmTqwxmDXqzFfJCg=="
    },
    "@dnpr/make-request": {
      "version": "0.1.1",
      "resolved": "https://registry.npmjs.org/@dnpr/make-request/-/make-request-0.1.1.tgz",
      "integrity": "sha512-3la/iufCb7GFTy+pwiIZlH7LDQvQ0X/2gGtDG6klmkArjohiE+NNmCGQGisWlRJvKYN8pe793MJlkXCcbrIL5g=="
    },
    "@dnpr/task-manager": {
      "version": "0.1.1",
      "resolved": "https://registry.npmjs.org/@dnpr/task-manager/-/task-manager-0.1.1.tgz",
      "integrity": "sha512-uu/+fgz6ZkNbG6rIfmk+Ag9hVQvb2UPVXmGmcbbLGxkJg/+5ryFrZBFkxIUOWhcgszbPGGtbZ5SyAOr6qBas4A=="
    },
    "commander": {
      "version": "2.20.3",
      "resolved": "https://registry.npmjs.org/commander/-/commander-2.20.3.tgz",
      "integrity": "sha512-GpVkmM8vF2vQUkj2LvZmD35JxeJOLCwJ9cUkugyk2nuhbv3+mJvpLYYt+0+USMxE+oj+ey/lJEnhZw75x/OMcQ=="
    },
    "js-tokens": {
      "version": "4.0.0",
      "resolved": "https://registry.npmjs.org/js-tokens/-/js-tokens-4.0.0.tgz",
      "integrity": "sha512-RdJUflcE3cUzKiMqQgsCu06FPu9UdIJO0beYbPhHN4k6apgJtifcoCtT9bcxOpYBtpD2kCM6Sbzg4CausW/PKQ=="
    },
    "katex": {
      "version": "0.11.1",
      "resolved": "https://registry.npmjs.org/katex/-/katex-0.11.1.tgz",
      "integrity": "sha512-5oANDICCTX0NqYIyAiFCCwjQ7ERu3DQG2JFHLbYOf+fXaMoH8eg/zOq5WSYJsKMi/QebW+Eh3gSM+oss1H/bww==",
      "requires": {
        "commander": "^2.19.0"
      }
    },
    "loose-envify": {
      "version": "1.4.0",
      "resolved": "https://registry.npmjs.org/loose-envify/-/loose-envify-1.4.0.tgz",
      "integrity": "sha512-lyuxPGr/Wfhrlem2CL/UcnUc1zcqKAImBDzukY7Y5F/yQiNdko6+fRLevlw1HgMySw7f611UIY408EtxRSoK3Q==",
      "requires": {
        "js-tokens": "^3.0.0 || ^4.0.0"
      }
    },
    "nast-util-from-notionapi": {
      "version": "1.0.0-beta.1",
      "resolved": "https://registry.npmjs.org/nast-util-from-notionapi/-/nast-util-from-notionapi-1.0.0-beta.1.tgz",
      "integrity": "sha512-tPP63wFFsCAa5GCC2AuXdj+MQTqn6WgLOv1Lb2VA4by3ZC04s11sJc72WWVSGEcpp9y6jv3fPTODDIdattTpFA==",
      "requires": {
        "@dnpr/logger": "^0.2.0",
        "notionapi-agent": "^1.1.2"
      }
    },
    "nast-util-to-react": {
      "version": "1.0.0-beta.4",
      "resolved": "https://registry.npmjs.org/nast-util-to-react/-/nast-util-to-react-1.0.0-beta.4.tgz",
      "integrity": "sha512-w3anJxXVKm/fWfmxpHCgLbjvJQRKZWa4+X0YZ/qP3FNgjdUWeq8kMqmln4FNDvY+0c1nnn0yS/HLAXMoH7suMA==",
      "requires": {
        "katex": "^0.11.1",
        "prismjs": "^1.19.0",
        "react": "^16.12.0",
        "react-dom": "^16.12.0"
      }
    },
    "notablog": {
      "version": "1.0.0-beta.1",
      "resolved": "https://registry.npmjs.org/notablog/-/notablog-1.0.0-beta.1.tgz",
      "integrity": "sha512-iTuUIJ7kWQ8fzyUoyDnbXQ3ud+4h8vVDWUUumh4qQHQbnaxlWVax9p9GlJ32iFy2T46qOQM6jl4l3ISAGb7EAw==",
      "requires": {
        "@dnpr/fsutil": "0.1.3",
        "@dnpr/logger": "^0.2.0",
        "@dnpr/task-manager": "0.1.1",
        "nast-util-from-notionapi": "1.0.0-beta.1",
        "nast-util-to-react": "1.0.0-beta.4",
        "notionapi-agent": "1.1.3",
        "squirrelly": "7.7.0"
      }
    },
    "notionapi-agent": {
      "version": "1.1.3",
      "resolved": "https://registry.npmjs.org/notionapi-agent/-/notionapi-agent-1.1.3.tgz",
      "integrity": "sha512-LjwrvfZ8Oy3BIB8D/M3BTUBE2tQyHLUcgzcvktpzsaZYZlJtJASwTux1D5wMrne/MH7VHKyKx+kVcbggZ/pUcQ==",
      "requires": {
        "@dnpr/logger": "^0.2.0",
        "@dnpr/make-request": "^0.1.1"
      }
    },
    "object-assign": {
      "version": "4.1.1",
      "resolved": "https://registry.npmjs.org/object-assign/-/object-assign-4.1.1.tgz",
      "integrity": "sha1-IQmtx5ZYh8/AXLvUQsrIv7s2CGM="
    },
    "prismjs": {
      "version": "1.24.0",
      "resolved": "https://registry.npmjs.org/prismjs/-/prismjs-1.24.0.tgz",
      "integrity": "sha512-SqV5GRsNqnzCL8k5dfAjCNhUrF3pR0A9lTDSCUZeh/LIshheXJEaP0hwLz2t4XHivd2J/v2HR+gRnigzeKe3cQ=="
    },
    "prop-types": {
      "version": "15.7.2",
      "resolved": "https://registry.npmjs.org/prop-types/-/prop-types-15.7.2.tgz",
      "integrity": "sha512-8QQikdH7//R2vurIJSutZ1smHYTcLpRWEOlHnzcWHmBYrOGUysKwSsrC89BCiFj3CbrfJ/nXFdJepOVrY1GCHQ==",
      "requires": {
        "loose-envify": "^1.4.0",
        "object-assign": "^4.1.1",
        "react-is": "^16.8.1"
      }
    },
    "react": {
      "version": "16.13.0",
      "resolved": "https://registry.npmjs.org/react/-/react-16.13.0.tgz",
      "integrity": "sha512-TSavZz2iSLkq5/oiE7gnFzmURKZMltmi193rm5HEoUDAXpzT9Kzw6oNZnGoai/4+fUnm7FqS5dwgUL34TujcWQ==",
      "requires": {
        "loose-envify": "^1.1.0",
        "object-assign": "^4.1.1",
        "prop-types": "^15.6.2"
      }
    },
    "react-dom": {
      "version": "16.13.0",
      "resolved": "https://registry.npmjs.org/react-dom/-/react-dom-16.13.0.tgz",
      "integrity": "sha512-y09d2c4cG220DzdlFkPTnVvGTszVvNpC73v+AaLGLHbkpy3SSgvYq8x0rNwPJ/Rk/CicTNgk0hbHNw1gMEZAXg==",
      "requires": {
        "loose-envify": "^1.1.0",
        "object-assign": "^4.1.1",
        "prop-types": "^15.6.2",
        "scheduler": "^0.19.0"
      }
    },
    "react-is": {
      "version": "16.13.0",
      "resolved": "https://registry.npmjs.org/react-is/-/react-is-16.13.0.tgz",
      "integrity": "sha512-GFMtL0vHkiBv9HluwNZTggSn/sCyEt9n02aM0dSAjGGyqyNlAyftYm4phPxdvCigG15JreC5biwxCgTAJZ7yAA=="
    },
    "scheduler": {
      "version": "0.19.0",
      "resolved": "https://registry.npmjs.org/scheduler/-/scheduler-0.19.0.tgz",
      "integrity": "sha512-xowbVaTPe9r7y7RUejcK73/j8tt2jfiyTednOvHbA8JoClvMYCp+r8QegLwK/n8zWQAtZb1fFnER4XLBZXrCxA==",
      "requires": {
        "loose-envify": "^1.1.0",
        "object-assign": "^4.1.1"
      }
    },
    "squirrelly": {
      "version": "7.7.0",
      "resolved": "https://registry.npmjs.org/squirrelly/-/squirrelly-7.7.0.tgz",
      "integrity": "sha512-9ljzVti2AlOb6Ub5l6U41O/QAYA5QMLfN0vkUmxFH3P+91cxy6zuNqWrIN0kAjX3CkZtj134yx+pYbIYuggpMQ=="
    }
  }
}
